
Microsoft Visual Studio Solution File, Format Version 12.00
# Visual Studio Version 16
VisualStudioVersion = 16.0.31729.503
MinimumVisualStudioVersion = 10.0.40219.1
Project("{FAE04EC0-301F-11D3-BF4B-00C04F79EFBC}") = "EntityFramework App", "EntityFramework App\EntityFramework App.csproj", "{822339E7-FDBC-4E2A-B93D-0237DD545EE7}"
EndProject
Global
	GlobalSection(SolutionConfigurationPlatforms) = preSolution
		Debug|Any CPU = Debug|Any CPU
		Release|Any CPU = Release|Any CPU
	EndGlobalSection
	GlobalSection(ProjectConfigurationPlatforms) = postSolution
		{822339E7-FDBC-4E2A-B93D-0237DD545EE7}.Debug|Any CPU.ActiveCfg = Debug|Any CPU
		{822339E7-FDBC-4E2A-B93D-0237DD545EE7}.Debug|Any CPU.Build.0 = Debug|Any CPU
		{822339E7-FDBC-4E2A-B93D-0237DD545EE7}.Release|Any CPU.ActiveCfg = Release|Any CPU
		{822339E7-FDBC-4E2A-B93D-0237DD545EE7}.Release|Any CPU.Build.0 = Release|Any CPU
	EndGlobalSection
	GlobalSection(SolutionProperties) = preSolution
		HideSolutionNode = FALSE
	EndGlobalSection
	GlobalSection(ExtensibilityGlobals) = postSolution
		SolutionGuid = {D11D011D-69CB-4307-BF7E-6F2A76027621}
	EndGlobalSection
EndGlobal
